
Microsoft Visual Studio Solution File, Format Version 12.00
# Visual Studio Version 17
VisualStudioVersion = 17.9.34714.143
MinimumVisualStudioVersion = 10.0.40219.1
Project("{9A19103F-16F7-4668-BE54-9A1E7A4F7556}") = "AmountToString", "AmountToString\AmountToString.csproj", "{8E83A3C0-371A-40CB-854D-8D1F4FC9BACF}"
EndProject
Project("{FAE04EC0-301F-11D3-BF4B-00C04F79EFBC}") = "AmountToWordsConverter.Tests", "AmountToWordsConverter.Tests\AmountToWordsConverter.Tests.csproj", "{8FDF9BF4-6172-454D-B2C9-BD5CB0004A7C}"
EndProject
Global
	GlobalSection(SolutionConfigurationPlatforms) = preSolution
		Debug|Any CPU = Debug|Any CPU
		Release|Any CPU = Release|Any CPU
	EndGlobalSection
	GlobalSection(ProjectConfigurationPlatforms) = postSolution
		{8E83A3C0-371A-40CB-854D-8D1F4FC9BACF}.Debug|Any CPU.ActiveCfg = Debug|Any CPU
		{8E83A3C0-371A-40CB-854D-8D1F4FC9BACF}.Debug|Any CPU.Build.0 = Debug|Any CPU
		{8E83A3C0-371A-40CB-854D-8D1F4FC9BACF}.Release|Any CPU.ActiveCfg = Release|Any CPU
		{8E83A3C0-371A-40CB-854D-8D1F4FC9BACF}.Release|Any CPU.Build.0 = Release|Any CPU
		{8FDF9BF4-6172-454D-B2C9-BD5CB0004A7C}.Debug|Any CPU.ActiveCfg = Debug|Any CPU
		{8FDF9BF4-6172-454D-B2C9-BD5CB0004A7C}.Debug|Any CPU.Build.0 = Debug|Any CPU
		{8FDF9BF4-6172-454D-B2C9-BD5CB0004A7C}.Release|Any CPU.ActiveCfg = Release|Any CPU
		{8FDF9BF4-6172-454D-B2C9-BD5CB0004A7C}.Release|Any CPU.Build.0 = Release|Any CPU
	EndGlobalSection
	GlobalSection(SolutionProperties) = preSolution
		HideSolutionNode = FALSE
	EndGlobalSection
	GlobalSection(ExtensibilityGlobals) = postSolution
		SolutionGuid = {51354B0D-C61B-4D96-899E-E97C05550AB1}
	EndGlobalSection
EndGlobal
